
Microsoft Visual Studio Solution File, Format Version 12.00
# Visual Studio Version 16
VisualStudioVersion = 16.0.30002.166
MinimumVisualStudioVersion = 10.0.40219.1
Project("{FAE04EC0-301F-11D3-BF4B-00C04F79EFBC}") = "MiCalculadora", "MiCalculadora.csproj", "{549F5BC4-D933-44C8-B7F9-3B5F530DABA6}"
EndProject
Project("{FAE04EC0-301F-11D3-BF4B-00C04F79EFBC}") = "Entidades", "..\Entidades\Entidades.csproj", "{75C69DCA-008D-4C89-A919-994CE92D939D}"
EndProject
Global
	GlobalSection(SolutionConfigurationPlatforms) = preSolution
		Debug|Any CPU = Debug|Any CPU
		Release|Any CPU = Release|Any CPU
	EndGlobalSection
	GlobalSection(ProjectConfigurationPlatforms) = postSolution
		{549F5BC4-D933-44C8-B7F9-3B5F530DABA6}.Debug|Any CPU.ActiveCfg = Debug|Any CPU
		{549F5BC4-D933-44C8-B7F9-3B5F530DABA6}.Debug|Any CPU.Build.0 = Debug|Any CPU
		{549F5BC4-D933-44C8-B7F9-3B5F530DABA6}.Release|Any CPU.ActiveCfg = Release|Any CPU
		{549F5BC4-D933-44C8-B7F9-3B5F530DABA6}.Release|Any CPU.Build.0 = Release|Any CPU
		{75C69DCA-008D-4C89-A919-994CE92D939D}.Debug|Any CPU.ActiveCfg = Debug|Any CPU
		{75C69DCA-008D-4C89-A919-994CE92D939D}.Debug|Any CPU.Build.0 = Debug|Any CPU
		{75C69DCA-008D-4C89-A919-994CE92D939D}.Release|Any CPU.ActiveCfg = Release|Any CPU
		{75C69DCA-008D-4C89-A919-994CE92D939D}.Release|Any CPU.Build.0 = Release|Any CPU
	EndGlobalSection
	GlobalSection(SolutionProperties) = preSolution
		HideSolutionNode = FALSE
	EndGlobalSection
	GlobalSection(ExtensibilityGlobals) = postSolution
		SolutionGuid = {748445AA-F538-4143-84EB-B098EF4F92A8}
	EndGlobalSection
EndGlobal
